// !$*UTF8*$!
{
	archiveVersion = 1;
	classes = {
	};
	objectVersion = 50;
	objects = {

/* Begin PBXBuildFile section */
		A14DF3F3267E03F5007EF74F /* AppDelegate.swift in Sources */ = {isa = PBXBuildFile; fileRef = A14DF3F2267E03F5007EF74F /* AppDelegate.swift */; };
		A14DF3F5267E03F5007EF74F /* SceneDelegate.swift in Sources */ = {isa = PBXBuildFile; fileRef = A14DF3F4267E03F5007EF74F /* SceneDelegate.swift */; };
		A14DF3F7267E03F5007EF74F /* ViewController.swift in Sources */ = {isa = PBXBuildFile; fileRef = A14DF3F6267E03F5007EF74F /* ViewController.swift */; };
		A14DF3FA267E03F5007EF74F /* Main.storyboard in Resources */ = {isa = PBXBuildFile; fileRef = A14DF3F8267E03F5007EF74F /* Main.storyboard */; };
		A14DF3FC267E03F8007EF74F /* Assets.xcassets in Resources */ = {isa = PBXBuildFile; fileRef = A14DF3FB267E03F8007EF74F /* Assets.xcassets */; };
		A14DF3FF267E03F8007EF74F /* LaunchScreen.storyboard in Resources */ = {isa = PBXBuildFile; fileRef = A14DF3FD267E03F8007EF74F /* LaunchScreen.storyboard */; };
		A14DF408267E0E16007EF74F /* CollectionViewLayout.swift in Sources */ = {isa = PBXBuildFile; fileRef = A14DF407267E0E16007EF74F /* CollectionViewLayout.swift */; };
		A14DF40B267E1035007EF74F /* CollectionViewCell.swift in Sources */ = {isa = PBXBuildFile; fileRef = A14DF40A267E1035007EF74F /* CollectionViewCell.swift */; };
/* End PBXBuildFile section */

/* Begin PBXFileReference section */
		A14DF3EF267E03F5007EF74F /* CVSample.app */ = {isa = PBXFileReference; explicitFileType = wrapper.application; includeInIndex = 0; path = CVSample.app; sourceTree = BUILT_PRODUCTS_DIR; };
		A14DF3F2267E03F5007EF74F /* AppDelegate.swift */ = {isa = PBXFileReference; lastKnownFileType = sourcecode.swift; path = AppDelegate.swift; sourceTree = "<group>"; };
		A14DF3F4267E03F5007EF74F /* SceneDelegate.swift */ = {isa = PBXFileReference; lastKnownFileType = sourcecode.swift; path = SceneDelegate.swift; sourceTree = "<group>"; };
		A14DF3F6267E03F5007EF74F /* ViewController.swift */ = {isa = PBXFileReference; lastKnownFileType = sourcecode.swift; path = ViewController.swift; sourceTree = "<group>"; };
		A14DF3F9267E03F5007EF74F /* Base */ = {isa = PBXFileReference; lastKnownFileType = file.storyboard; name = Base; path = Base.lproj/Main.storyboard; sourceTree = "<group>"; };
		A14DF3FB267E03F8007EF74F /* Assets.xcassets */ = {isa = PBXFileReference; lastKnownFileType = folder.assetcatalog; path = Assets.xcassets; sourceTree = "<group>"; };
		A14DF3FE267E03F8007EF74F /* Base */ = {isa = PBXFileReference; lastKnownFileType = file.storyboard; name = Base; path = Base.lproj/LaunchScreen.storyboard; sourceTree = "<group>"; };
		A14DF400267E03F8007EF74F /* Info.plist */ = {isa = PBXFileReference; lastKnownFileType = text.plist.xml; path = Info.plist; sourceTree = "<group>"; };
		A14DF407267E0E16007EF74F /* CollectionViewLayout.swift */ = {isa = PBXFileReference; lastKnownFileType = sourcecode.swift; path = CollectionViewLayout.swift; sourceTree = "<group>"; };
		A14DF40A267E1035007EF74F /* CollectionViewCell.swift */ = {isa = PBXFileReference; lastKnownFileType = sourcecode.swift; path = CollectionViewCell.swift; sourceTree = "<group>"; };
/* End PBXFileReference section */

/* Begin PBXFrameworksBuildPhase section */
		A14DF3EC267E03F5007EF74F /* Frameworks */ = {
			isa = PBXFrameworksBuildPhase;
			buildActionMask = 2147483647;
			files = (
			);
			runOnlyForDeploymentPostprocessing = 0;
		};
/* End PBXFrameworksBuildPhase section */

/* Begin PBXGroup section */
		A14DF3E6267E03F4007EF74F = {
			isa = PBXGroup;
			children = (
				A14DF3F1267E03F5007EF74F /* CVSample */,
				A14DF3F0267E03F5007EF74F /* Products */,
			);
			sourceTree = "<group>";
		};
		A14DF3F0267E03F5007EF74F /* Products */ = {
			isa = PBXGroup;
			children = (
				A14DF3EF267E03F5007EF74F /* CVSample.app */,
			);
			name = Products;
			sourceTree = "<group>";
		};
		A14DF3F1267E03F5007EF74F /* CVSample */ = {
			isa = PBXGroup;
			children = (
				A14DF3F2267E03F5007EF74F /* AppDelegate.swift */,
				A14DF3F4267E03F5007EF74F /* SceneDelegate.swift */,
				A14DF40A267E1035007EF74F /* CollectionViewCell.swift */,
				A14DF407267E0E16007EF74F /* CollectionViewLayout.swift */,
				A14DF3F6267E03F5007EF74F /* ViewController.swift */,
				A14DF3F8267E03F5007EF74F /* Main.storyboard */,
				A14DF3FB267E03F8007EF74F /* Assets.xcassets */,
				A14DF3FD267E03F8007EF74F /* LaunchScreen.storyboard */,
				A14DF400267E03F8007EF74F /* Info.plist */,
			);
			path = CVSample;
			sourceTree = "<group>";
		};
/* End PBXGroup section */

/* Begin PBXNativeTarget section */
		A14DF3EE267E03F5007EF74F /* CVSample */ = {
			isa = PBXNativeTarget;
			buildConfigurationList = A14DF403267E03F8007EF74F /* Build configuration list for PBXNativeTarget "CVSample" */;
			buildPhases = (
				A14DF3EB267E03F5007EF74F /* Sources */,
				A14DF3EC267E03F5007EF74F /* Frameworks */,
				A14DF3ED267E03F5007EF74F /* Resources */,
			);
			buildRules = (
			);
			dependencies = (
			);
			name = CVSample;
			productName = CVSample;
			productReference = A14DF3EF267E03F5007EF74F /* CVSample.app */;
			productType = "com.apple.product-type.application";
		};
/* End PBXNativeTarget section */

/* Begin PBXProject section */
		A14DF3E7267E03F4007EF74F /* Project object */ = {
			isa = PBXProject;
			attributes = {
				LastSwiftUpdateCheck = 1240;
				LastUpgradeCheck = 1240;
				TargetAttributes = {
					A14DF3EE267E03F5007EF74F = {
						CreatedOnToolsVersion = 12.4;
					};
				};
			};
			buildConfigurationList = A14DF3EA267E03F4007EF74F /* Build configuration list for PBXProject "CVSample" */;
			compatibilityVersion = "Xcode 9.3";
			developmentRegion = en;
			hasScannedForEncodings = 0;
			knownRegions = (
				en,
				Base,
			);
			mainGroup = A14DF3E6267E03F4007EF74F;
			productRefGroup = A14DF3F0267E03F5007EF74F /* Products */;
			projectDirPath = "";
			projectRoot = "";
			targets = (
				A14DF3EE267E03F5007EF74F /* CVSample */,
			);
		};
/* End PBXProject section */

/* Begin PBXResourcesBuildPhase section */
		A14DF3ED267E03F5007EF74F /* Resources */ = {
			isa = PBXResourcesBuildPhase;
			buildActionMask = 2147483647;
			files = (
				A14DF3FF267E03F8007EF74F /* LaunchScreen.storyboard in Resources */,
				A14DF3FC267E03F8007EF74F /* Assets.xcassets in Resources */,
				A14DF3FA267E03F5007EF74F /* Main.storyboard in Resources */,
			);
			runOnlyForDeploymentPostprocessing = 0;
		};
/* End PBXResourcesBuildPhase section */

/* Begin PBXSourcesBuildPhase section */
		A14DF3EB267E03F5007EF74F /* Sources */ = {
			isa = PBXSourcesBuildPhase;
			buildActionMask = 2147483647;
			files = (
				A14DF40B267E1035007EF74F /* CollectionViewCell.swift in Sources */,
				A14DF3F7267E03F5007EF74F /* ViewController.swift in Sources */,
				A14DF3F3267E03F5007EF74F /* AppDelegate.swift in Sources */,
				A14DF408267E0E16007EF74F /* CollectionViewLayout.swift in Sources */,
				A14DF3F5267E03F5007EF74F /* SceneDelegate.swift in Sources */,
			);
			runOnlyForDeploymentPostprocessing = 0;
		};
/* End PBXSourcesBuildPhase section */

/* Begin PBXVariantGroup section */
		A14DF3F8267E03F5007EF74F /* Main.storyboard */ = {
			isa = PBXVariantGroup;
			children = (
				A14DF3F9267E03F5007EF74F /* Base */,
			);
			name = Main.storyboard;
			sourceTree = "<group>";
		};
		A14DF3FD267E03F8007EF74F /* LaunchScreen.storyboard */ = {
			isa = PBXVariantGroup;
			children = (
				A14DF3FE267E03F8007EF74F /* Base */,
			);
			name = LaunchScreen.storyboard;
			sourceTree = "<group>";
		};
/* End PBXVariantGroup section */

/* Begin XCBuildConfiguration section */
		A14DF401267E03F8007EF74F /* Debug */ = {
			isa = XCBuildConfiguration;
			buildSettings = {
				ALWAYS_SEARCH_USER_PATHS = NO;
				CLANG_ANALYZER_NONNULL = YES;
				CLANG_ANALYZER_NUMBER_OBJECT_CONVERSION = YES_AGGRESSIVE;
				CLANG_CXX_LANGUAGE_STANDARD = "gnu++14";
				CLANG_CXX_LIBRARY = "libc++";
				CLANG_ENABLE_MODULES = YES;
				CLANG_ENABLE_OBJC_ARC = YES;
				CLANG_ENABLE_OBJC_WEAK = YES;
				CLANG_WARN_BLOCK_CAPTURE_AUTORELEASING = YES;
				CLANG_WARN_BOOL_CONVERSION = YES;
				CLANG_WARN_COMMA = YES;
				CLANG_WARN_CONSTANT_CONVERSION = YES;
				CLANG_WARN_DEPRECATED_OBJC_IMPLEMENTATIONS = YES;
				CLANG_WARN_DIRECT_OBJC_ISA_USAGE = YES_ERROR;
				CLANG_WARN_DOCUMENTATION_COMMENTS = YES;
				CLANG_WARN_EMPTY_BODY = YES;
				CLANG_WARN_ENUM_CONVERSION = YES;
				CLANG_WARN_INFINITE_RECURSION = YES;
				CLANG_WARN_INT_CONVERSION = YES;
				CLANG_WARN_NON_LITERAL_NULL_CONVERSION = YES;
				CLANG_WARN_OBJC_IMPLICIT_RETAIN_SELF = YES;
				CLANG_WARN_OBJC_LITERAL_CONVERSION = YES;
				CLANG_WARN_OBJC_ROOT_CLASS = YES_ERROR;
				CLANG_WARN_QUOTED_INCLUDE_IN_FRAMEWORK_HEADER = YES;
				CLANG_WARN_RANGE_LOOP_ANALYSIS = YES;
				CLANG_WARN_STRICT_PROTOTYPES = YES;
				CLANG_WARN_SUSPICIOUS_MOVE = YES;
				CLANG_WARN_UNGUARDED_AVAILABILITY = YES_AGGRESSIVE;
				CLANG_WARN_UNREACHABLE_CODE = YES;
				CLANG_WARN__DUPLICATE_METHOD_MATCH = YES;
				COPY_PHASE_STRIP = NO;
				DEBUG_INFORMATION_FORMAT = dwarf;
				ENABLE_STRICT_OBJC_MSGSEND = YES;
				ENABLE_TESTABILITY = YES;
				GCC_C_LANGUAGE_STANDARD = gnu11;
				GCC_DYNAMIC_NO_PIC = NO;
				GCC_NO_COMMON_BLOCKS = YES;
				GCC_OPTIMIZATION_LEVEL = 0;
				GCC_PREPROCESSOR_DEFINITIONS = (
					"DEBUG=1",
					"$(inherited)",
				);
				GCC_WARN_64_TO_32_BIT_CONVERSION = YES;
				GCC_WARN_ABOUT_RETURN_TYPE = YES_ERROR;
				GCC_WARN_UNDECLARED_SELECTOR = YES;
				GCC_WARN_UNINITIALIZED_AUTOS = YES_AGGRESSIVE;
				GCC_WARN_UNUSED_FUNCTION = YES;
				GCC_WARN_UNUSED_VARIABLE = YES;
				IPHONEOS_DEPLOYMENT_TARGET = 14.4;
				MTL_ENABLE_DEBUG_INFO = INCLUDE_SOURCE;
				MTL_FAST_MATH = YES;
				ONLY_ACTIVE_ARCH = YES;
				SDKROOT = iphoneos;
				SWIFT_ACTIVE_COMPILATION_CONDITIONS = DEBUG;
				SWIFT_OPTIMIZATION_LEVEL = "-Onone";
			};
			name = Debug;
		};
		A14DF402267E03F8007EF74F /* Release */ = {
			isa = XCBuildConfiguration;
			buildSettings = {
				ALWAYS_SEARCH_USER_PATHS = NO;
				CLANG_ANALYZER_NONNULL = YES;
				CLANG_ANALYZER_NUMBER_OBJECT_CONVERSION = YES_AGGRESSIVE;
				CLANG_CXX_LANGUAGE_STANDARD = "gnu++14";
				CLANG_CXX_LIBRARY = "libc++";
				CLANG_ENABLE_MODULES = YES;
				CLANG_ENABLE_OBJC_ARC = YES;
				CLANG_ENABLE_OBJC_WEAK = YES;
				CLANG_WARN_BLOCK_CAPTURE_AUTORELEASING = YES;
				CLANG_WARN_BOOL_CONVERSION = YES;
				CLANG_WARN_COMMA = YES;
				CLANG_WARN_CONSTANT_CONVERSION = YES;
				CLANG_WARN_DEPRECATED_OBJC_IMPLEMENTATIONS = YES;
				CLANG_WARN_DIRECT_OBJC_ISA_USAGE = YES_ERROR;
				CLANG_WARN_DOCUMENTATION_COMMENTS = YES;
				CLANG_WARN_EMPTY_BODY = YES;
				CLANG_WARN_ENUM_CONVERSION = YES;
				CLANG_WARN_INFINITE_RECURSION = YES;
				CLANG_WARN_INT_CONVERSION = YES;
				CLANG_WARN_NON_LITERAL_NULL_CONVERSION = YES;
				CLANG_WARN_OBJC_IMPLICIT_RETAIN_SELF = YES;
				CLANG_WARN_OBJC_LITERAL_CONVERSION = YES;
				CLANG_WARN_OBJC_ROOT_CLASS = YES_ERROR;
				CLANG_WARN_QUOTED_INCLUDE_IN_FRAMEWORK_HEADER = YES;
				CLANG_WARN_RANGE_LOOP_ANALYSIS = YES;
				CLANG_WARN_STRICT_PROTOTYPES = YES;
				CLANG_WARN_SUSPICIOUS_MOVE = YES;
				CLANG_WARN_UNGUARDED_AVAILABILITY = YES_AGGRESSIVE;
				CLANG_WARN_UNREACHABLE_CODE = YES;
				CLANG_WARN__DUPLICATE_METHOD_MATCH = YES;
				COPY_PHASE_STRIP = NO;
				DEBUG_INFORMATION_FORMAT = "dwarf-with-dsym";
				ENABLE_NS_ASSERTIONS = NO;
				ENABLE_STRICT_OBJC_MSGSEND = YES;
				GCC_C_LANGUAGE_STANDARD = gnu11;
				GCC_NO_COMMON_BLOCKS = YES;
				GCC_WARN_64_TO_32_BIT_CONVERSION = YES;
				GCC_WARN_ABOUT_RETURN_TYPE = YES_ERROR;
				GCC_WARN_UNDECLARED_SELECTOR = YES;
				GCC_WARN_UNINITIALIZED_AUTOS = YES_AGGRESSIVE;
				GCC_WARN_UNUSED_FUNCTION = YES;
				GCC_WARN_UNUSED_VARIABLE = YES;
				IPHONEOS_DEPLOYMENT_TARGET = 14.4;
				MTL_ENABLE_DEBUG_INFO = NO;
				MTL_FAST_MATH = YES;
				SDKROOT = iphoneos;
				SWIFT_COMPILATION_MODE = wholemodule;
				SWIFT_OPTIMIZATION_LEVEL = "-O";
				VALIDATE_PRODUCT = YES;
			};
			name = Release;
		};
		A14DF404267E03F8007EF74F /* Debug */ = {
			isa = XCBuildConfiguration;
			buildSettings = {
				ASSETCATALOG_COMPILER_APPICON_NAME = AppIcon;
				ASSETCATALOG_COMPILER_GLOBAL_ACCENT_COLOR_NAME = AccentColor;
				CODE_SIGN_STYLE = Automatic;
				DEVELOPMENT_TEAM = JD7A9KH373;
				INFOPLIST_FILE = CVSample/Info.plist;
				LD_RUNPATH_SEARCH_PATHS = (
					"$(inherited)",
					"@executable_path/Frameworks",
				);
				PRODUCT_BUNDLE_IDENTIFIER = app.kanai.tossy.CVSample;
				PRODUCT_NAME = "$(TARGET_NAME)";
				SWIFT_VERSION = 5.0;
				TARGETED_DEVICE_FAMILY = "1,2";
			};
			name = Debug;
		};
		A14DF405267E03F8007EF74F /* Release */ = {
			isa = XCBuildConfiguration;
			buildSettings = {
				ASSETCATALOG_COMPILER_APPICON_NAME = AppIcon;
				ASSETCATALOG_COMPILER_GLOBAL_ACCENT_COLOR_NAME = AccentColor;
				CODE_SIGN_STYLE = Automatic;
				DEVELOPMENT_TEAM = JD7A9KH373;
				INFOPLIST_FILE = CVSample/Info.plist;
				LD_RUNPATH_SEARCH_PATHS = (
					"$(inherited)",
					"@executable_path/Frameworks",
				);
				PRODUCT_BUNDLE_IDENTIFIER = app.kanai.tossy.CVSample;
				PRODUCT_NAME = "$(TARGET_NAME)";
				SWIFT_VERSION = 5.0;
				TARGETED_DEVICE_FAMILY = "1,2";
			};
			name = Release;
		};
/* End XCBuildConfiguration section */

/* Begin XCConfigurationList section */
		A14DF3EA267E03F4007EF74F /* Build configuration list for PBXProject "CVSample" */ = {
			isa = XCConfigurationList;
			buildConfigurations = (
				A14DF401267E03F8007EF74F /* Debug */,
				A14DF402267E03F8007EF74F /* Release */,
			);
			defaultConfigurationIsVisible = 0;
			defaultConfigurationName = Release;
		};
		A14DF403267E03F8007EF74F /* Build configuration list for PBXNativeTarget "CVSample" */ = {
			isa = XCConfigurationList;
			buildConfigurations = (
				A14DF404267E03F8007EF74F /* Debug */,
				A14DF405267E03F8007EF74F /* Release */,
			);
			defaultConfigurationIsVisible = 0;
			defaultConfigurationName = Release;
		};
/* End XCConfigurationList section */
	};
	rootObject = A14DF3E7267E03F4007EF74F /* Project object */;
}
